// !$*UTF8*$!
{
	archiveVersion = 1;
	classes = {
	};
	objectVersion = 52;
	objects = {

/* Begin PBXBuildFile section */
		8928727C24B9AC7300799950 /* AppDelegate.swift in Sources */ = {isa = PBXBuildFile; fileRef = 8928727B24B9AC7300799950 /* AppDelegate.swift */; };
		8928727E24B9AC7300799950 /* SceneDelegate.swift in Sources */ = {isa = PBXBuildFile; fileRef = 8928727D24B9AC7300799950 /* SceneDelegate.swift */; };
		8928728024B9AC7300799950 /* ImageView.swift in Sources */ = {isa = PBXBuildFile; fileRef = 8928727F24B9AC7300799950 /* ImageView.swift */; };
		8928728224B9AC7400799950 /* Assets.xcassets in Resources */ = {isa = PBXBuildFile; fileRef = 8928728124B9AC7400799950 /* Assets.xcassets */; };
		8928728524B9AC7400799950 /* Preview Assets.xcassets in Resources */ = {isa = PBXBuildFile; fileRef = 8928728424B9AC7400799950 /* Preview Assets.xcassets */; };
		8928728824B9AC7400799950 /* LaunchScreen.storyboard in Resources */ = {isa = PBXBuildFile; fileRef = 8928728624B9AC7400799950 /* LaunchScreen.storyboard */; };
		897AD13B24C441420076DD13 /* SegmentedControlView.swift in Sources */ = {isa = PBXBuildFile; fileRef = 897AD13A24C441420076DD13 /* SegmentedControlView.swift */; };
		89AFC52024C330EB005ABCDB /* StackView.swift in Sources */ = {isa = PBXBuildFile; fileRef = 89AFC51F24C330EB005ABCDB /* StackView.swift */; };
		89DE15D824D3E3820042E1D8 /* LoginScreenView.swift in Sources */ = {isa = PBXBuildFile; fileRef = 89DE15D724D3E3820042E1D8 /* LoginScreenView.swift */; };
		89DE15DB24D9396C0042E1D8 /* MovieListView.swift in Sources */ = {isa = PBXBuildFile; fileRef = 89DE15DA24D9396C0042E1D8 /* MovieListView.swift */; };
		89EF318224FCF2C200764AD9 /* PopularMovie.swift in Sources */ = {isa = PBXBuildFile; fileRef = 89EF318124FCF2C200764AD9 /* PopularMovie.swift */; };
		89EF318424FCF31F00764AD9 /* ApiClient.swift in Sources */ = {isa = PBXBuildFile; fileRef = 89EF318324FCF31F00764AD9 /* ApiClient.swift */; };
		89EF318624FCFDCB00764AD9 /* ObservableObject.swift in Sources */ = {isa = PBXBuildFile; fileRef = 89EF318524FCFDCB00764AD9 /* ObservableObject.swift */; };
		89EF318924FD1B4B00764AD9 /* SDWebImage in Frameworks */ = {isa = PBXBuildFile; productRef = 89EF318824FD1B4B00764AD9 /* SDWebImage */; };
		89EF318C24FD1BA000764AD9 /* SDWebImageSwiftUI in Frameworks */ = {isa = PBXBuildFile; productRef = 89EF318B24FD1BA000764AD9 /* SDWebImageSwiftUI */; };
/* End PBXBuildFile section */

/* Begin PBXFileReference section */
		8928727824B9AC7300799950 /* SwiftUIPractice.app */ = {isa = PBXFileReference; explicitFileType = wrapper.application; includeInIndex = 0; path = SwiftUIPractice.app; sourceTree = BUILT_PRODUCTS_DIR; };
		8928727B24B9AC7300799950 /* AppDelegate.swift */ = {isa = PBXFileReference; lastKnownFileType = sourcecode.swift; path = AppDelegate.swift; sourceTree = "<group>"; };
		8928727D24B9AC7300799950 /* SceneDelegate.swift */ = {isa = PBXFileReference; lastKnownFileType = sourcecode.swift; path = SceneDelegate.swift; sourceTree = "<group>"; };
		8928727F24B9AC7300799950 /* ImageView.swift */ = {isa = PBXFileReference; lastKnownFileType = sourcecode.swift; path = ImageView.swift; sourceTree = "<group>"; };
		8928728124B9AC7400799950 /* Assets.xcassets */ = {isa = PBXFileReference; lastKnownFileType = folder.assetcatalog; path = Assets.xcassets; sourceTree = "<group>"; };
		8928728424B9AC7400799950 /* Preview Assets.xcassets */ = {isa = PBXFileReference; lastKnownFileType = folder.assetcatalog; path = "Preview Assets.xcassets"; sourceTree = "<group>"; };
		8928728724B9AC7400799950 /* Base */ = {isa = PBXFileReference; lastKnownFileType = file.storyboard; name = Base; path = Base.lproj/LaunchScreen.storyboard; sourceTree = "<group>"; };
		8928728924B9AC7400799950 /* Info.plist */ = {isa = PBXFileReference; lastKnownFileType = text.plist.xml; path = Info.plist; sourceTree = "<group>"; };
		897AD13A24C441420076DD13 /* SegmentedControlView.swift */ = {isa = PBXFileReference; lastKnownFileType = sourcecode.swift; path = SegmentedControlView.swift; sourceTree = "<group>"; };
		89AFC51F24C330EB005ABCDB /* StackView.swift */ = {isa = PBXFileReference; lastKnownFileType = sourcecode.swift; path = StackView.swift; sourceTree = "<group>"; };
		89DE15D724D3E3820042E1D8 /* LoginScreenView.swift */ = {isa = PBXFileReference; lastKnownFileType = sourcecode.swift; path = LoginScreenView.swift; sourceTree = "<group>"; };
		89DE15DA24D9396C0042E1D8 /* MovieListView.swift */ = {isa = PBXFileReference; lastKnownFileType = sourcecode.swift; path = MovieListView.swift; sourceTree = "<group>"; };
		89EF318124FCF2C200764AD9 /* PopularMovie.swift */ = {isa = PBXFileReference; lastKnownFileType = sourcecode.swift; path = PopularMovie.swift; sourceTree = "<group>"; };
		89EF318324FCF31F00764AD9 /* ApiClient.swift */ = {isa = PBXFileReference; lastKnownFileType = sourcecode.swift; path = ApiClient.swift; sourceTree = "<group>"; };
		89EF318524FCFDCB00764AD9 /* ObservableObject.swift */ = {isa = PBXFileReference; lastKnownFileType = sourcecode.swift; path = ObservableObject.swift; sourceTree = "<group>"; };
/* End PBXFileReference section */

/* Begin PBXFrameworksBuildPhase section */
		8928727524B9AC7300799950 /* Frameworks */ = {
			isa = PBXFrameworksBuildPhase;
			buildActionMask = 2147483647;
			files = (
				89EF318C24FD1BA000764AD9 /* SDWebImageSwiftUI in Frameworks */,
				89EF318924FD1B4B00764AD9 /* SDWebImage in Frameworks */,
			);
			runOnlyForDeploymentPostprocessing = 0;
		};
/* End PBXFrameworksBuildPhase section */

/* Begin PBXGroup section */
		8928726F24B9AC7300799950 = {
			isa = PBXGroup;
			children = (
				8928727A24B9AC7300799950 /* SwiftUIPractice */,
				8928727924B9AC7300799950 /* Products */,
			);
			sourceTree = "<group>";
		};
		8928727924B9AC7300799950 /* Products */ = {
			isa = PBXGroup;
			children = (
				8928727824B9AC7300799950 /* SwiftUIPractice.app */,
			);
			name = Products;
			sourceTree = "<group>";
		};
		8928727A24B9AC7300799950 /* SwiftUIPractice */ = {
			isa = PBXGroup;
			children = (
				89DE15D924D9378F0042E1D8 /* MovieApp */,
				8928727B24B9AC7300799950 /* AppDelegate.swift */,
				8928727D24B9AC7300799950 /* SceneDelegate.swift */,
				8928727F24B9AC7300799950 /* ImageView.swift */,
				8928728124B9AC7400799950 /* Assets.xcassets */,
				8928728624B9AC7400799950 /* LaunchScreen.storyboard */,
				8928728924B9AC7400799950 /* Info.plist */,
				8928728324B9AC7400799950 /* Preview Content */,
				89AFC51F24C330EB005ABCDB /* StackView.swift */,
				897AD13A24C441420076DD13 /* SegmentedControlView.swift */,
				89DE15D724D3E3820042E1D8 /* LoginScreenView.swift */,
			);
			path = SwiftUIPractice;
			sourceTree = "<group>";
		};
		8928728324B9AC7400799950 /* Preview Content */ = {
			isa = PBXGroup;
			children = (
				8928728424B9AC7400799950 /* Preview Assets.xcassets */,
			);
			path = "Preview Content";
			sourceTree = "<group>";
		};
		89DE15D924D9378F0042E1D8 /* MovieApp */ = {
			isa = PBXGroup;
			children = (
				89DE15DA24D9396C0042E1D8 /* MovieListView.swift */,
				89EF318124FCF2C200764AD9 /* PopularMovie.swift */,
				89EF318324FCF31F00764AD9 /* ApiClient.swift */,
				89EF318524FCFDCB00764AD9 /* ObservableObject.swift */,
			);
			path = MovieApp;
			sourceTree = "<group>";
		};
/* End PBXGroup section */

/* Begin PBXNativeTarget section */
		8928727724B9AC7300799950 /* SwiftUIPractice */ = {
			isa = PBXNativeTarget;
			buildConfigurationList = 8928728C24B9AC7400799950 /* Build configuration list for PBXNativeTarget "SwiftUIPractice" */;
			buildPhases = (
				8928727424B9AC7300799950 /* Sources */,
				8928727524B9AC7300799950 /* Frameworks */,
				8928727624B9AC7300799950 /* Resources */,
			);
			buildRules = (
			);
			dependencies = (
			);
			name = SwiftUIPractice;
			packageProductDependencies = (
				89EF318824FD1B4B00764AD9 /* SDWebImage */,
				89EF318B24FD1BA000764AD9 /* SDWebImageSwiftUI */,
			);
			productName = SwiftUIPractice;
			productReference = 8928727824B9AC7300799950 /* SwiftUIPractice.app */;
			productType = "com.apple.product-type.application";
		};
/* End PBXNativeTarget section */

/* Begin PBXProject section */
		8928727024B9AC7300799950 /* Project object */ = {
			isa = PBXProject;
			attributes = {
				LastSwiftUpdateCheck = 1140;
				LastUpgradeCheck = 1140;
				ORGANIZATIONNAME = "Bhole, Kaustubh Satish";
				TargetAttributes = {
					8928727724B9AC7300799950 = {
						CreatedOnToolsVersion = 11.4.1;
					};
				};
			};
			buildConfigurationList = 8928727324B9AC7300799950 /* Build configuration list for PBXProject "SwiftUIPractice" */;
			compatibilityVersion = "Xcode 9.3";
			developmentRegion = en;
			hasScannedForEncodings = 0;
			knownRegions = (
				en,
				Base,
			);
			mainGroup = 8928726F24B9AC7300799950;
			packageReferences = (
				89EF318724FD1B4B00764AD9 /* XCRemoteSwiftPackageReference "SDWebImage" */,
				89EF318A24FD1BA000764AD9 /* XCRemoteSwiftPackageReference "SDWebImageSwiftUI" */,
			);
			productRefGroup = 8928727924B9AC7300799950 /* Products */;
			projectDirPath = "";
			projectRoot = "";
			targets = (
				8928727724B9AC7300799950 /* SwiftUIPractice */,
			);
		};
/* End PBXProject section */

/* Begin PBXResourcesBuildPhase section */
		8928727624B9AC7300799950 /* Resources */ = {
			isa = PBXResourcesBuildPhase;
			buildActionMask = 2147483647;
			files = (
				8928728824B9AC7400799950 /* LaunchScreen.storyboard in Resources */,
				8928728524B9AC7400799950 /* Preview Assets.xcassets in Resources */,
				8928728224B9AC7400799950 /* Assets.xcassets in Resources */,
			);
			runOnlyForDeploymentPostprocessing = 0;
		};
/* End PBXResourcesBuildPhase section */

/* Begin PBXSourcesBuildPhase section */
		8928727424B9AC7300799950 /* Sources */ = {
			isa = PBXSourcesBuildPhase;
			buildActionMask = 2147483647;
			files = (
				89EF318224FCF2C200764AD9 /* PopularMovie.swift in Sources */,
				897AD13B24C441420076DD13 /* SegmentedControlView.swift in Sources */,
				89EF318424FCF31F00764AD9 /* ApiClient.swift in Sources */,
				89DE15DB24D9396C0042E1D8 /* MovieListView.swift in Sources */,
				8928727C24B9AC7300799950 /* AppDelegate.swift in Sources */,
				89EF318624FCFDCB00764AD9 /* ObservableObject.swift in Sources */,
				8928727E24B9AC7300799950 /* SceneDelegate.swift in Sources */,
				8928728024B9AC7300799950 /* ImageView.swift in Sources */,
				89DE15D824D3E3820042E1D8 /* LoginScreenView.swift in Sources */,
				89AFC52024C330EB005ABCDB /* StackView.swift in Sources */,
			);
			runOnlyForDeploymentPostprocessing = 0;
		};
/* End PBXSourcesBuildPhase section */

/* Begin PBXVariantGroup section */
		8928728624B9AC7400799950 /* LaunchScreen.storyboard */ = {
			isa = PBXVariantGroup;
			children = (
				8928728724B9AC7400799950 /* Base */,
			);
			name = LaunchScreen.storyboard;
			sourceTree = "<group>";
		};
/* End PBXVariantGroup section */

/* Begin XCBuildConfiguration section */
		8928728A24B9AC7400799950 /* Debug */ = {
			isa = XCBuildConfiguration;
			buildSettings = {
				ALWAYS_SEARCH_USER_PATHS = NO;
				CLANG_ANALYZER_NONNULL = YES;
				CLANG_ANALYZER_NUMBER_OBJECT_CONVERSION = YES_AGGRESSIVE;
				CLANG_CXX_LANGUAGE_STANDARD = "gnu++14";
				CLANG_CXX_LIBRARY = "libc++";
				CLANG_ENABLE_MODULES = YES;
				CLANG_ENABLE_OBJC_ARC = YES;
				CLANG_ENABLE_OBJC_WEAK = YES;
				CLANG_WARN_BLOCK_CAPTURE_AUTORELEASING = YES;
				CLANG_WARN_BOOL_CONVERSION = YES;
				CLANG_WARN_COMMA = YES;
				CLANG_WARN_CONSTANT_CONVERSION = YES;
				CLANG_WARN_DEPRECATED_OBJC_IMPLEMENTATIONS = YES;
				CLANG_WARN_DIRECT_OBJC_ISA_USAGE = YES_ERROR;
				CLANG_WARN_DOCUMENTATION_COMMENTS = YES;
				CLANG_WARN_EMPTY_BODY = YES;
				CLANG_WARN_ENUM_CONVERSION = YES;
				CLANG_WARN_INFINITE_RECURSION = YES;
				CLANG_WARN_INT_CONVERSION = YES;
				CLANG_WARN_NON_LITERAL_NULL_CONVERSION = YES;
				CLANG_WARN_OBJC_IMPLICIT_RETAIN_SELF = YES;
				CLANG_WARN_OBJC_LITERAL_CONVERSION = YES;
				CLANG_WARN_OBJC_ROOT_CLASS = YES_ERROR;
				CLANG_WARN_RANGE_LOOP_ANALYSIS = YES;
				CLANG_WARN_STRICT_PROTOTYPES = YES;
				CLANG_WARN_SUSPICIOUS_MOVE = YES;
				CLANG_WARN_UNGUARDED_AVAILABILITY = YES_AGGRESSIVE;
				CLANG_WARN_UNREACHABLE_CODE = YES;
				CLANG_WARN__DUPLICATE_METHOD_MATCH = YES;
				COPY_PHASE_STRIP = NO;
				DEBUG_INFORMATION_FORMAT = dwarf;
				ENABLE_STRICT_OBJC_MSGSEND = YES;
				ENABLE_TESTABILITY = YES;
				GCC_C_LANGUAGE_STANDARD = gnu11;
				GCC_DYNAMIC_NO_PIC = NO;
				GCC_NO_COMMON_BLOCKS = YES;
				GCC_OPTIMIZATION_LEVEL = 0;
				GCC_PREPROCESSOR_DEFINITIONS = (
					"DEBUG=1",
					"$(inherited)",
				);
				GCC_WARN_64_TO_32_BIT_CONVERSION = YES;
				GCC_WARN_ABOUT_RETURN_TYPE = YES_ERROR;
				GCC_WARN_UNDECLARED_SELECTOR = YES;
				GCC_WARN_UNINITIALIZED_AUTOS = YES_AGGRESSIVE;
				GCC_WARN_UNUSED_FUNCTION = YES;
				GCC_WARN_UNUSED_VARIABLE = YES;
				IPHONEOS_DEPLOYMENT_TARGET = 13.4;
				MTL_ENABLE_DEBUG_INFO = INCLUDE_SOURCE;
				MTL_FAST_MATH = YES;
				ONLY_ACTIVE_ARCH = YES;
				SDKROOT = iphoneos;
				SWIFT_ACTIVE_COMPILATION_CONDITIONS = DEBUG;
				SWIFT_OPTIMIZATION_LEVEL = "-Onone";
			};
			name = Debug;
		};
		8928728B24B9AC7400799950 /* Release */ = {
			isa = XCBuildConfiguration;
			buildSettings = {
				ALWAYS_SEARCH_USER_PATHS = NO;
				CLANG_ANALYZER_NONNULL = YES;
				CLANG_ANALYZER_NUMBER_OBJECT_CONVERSION = YES_AGGRESSIVE;
				CLANG_CXX_LANGUAGE_STANDARD = "gnu++14";
				CLANG_CXX_LIBRARY = "libc++";
				CLANG_ENABLE_MODULES = YES;
				CLANG_ENABLE_OBJC_ARC = YES;
				CLANG_ENABLE_OBJC_WEAK = YES;
				CLANG_WARN_BLOCK_CAPTURE_AUTORELEASING = YES;
				CLANG_WARN_BOOL_CONVERSION = YES;
				CLANG_WARN_COMMA = YES;
				CLANG_WARN_CONSTANT_CONVERSION = YES;
				CLANG_WARN_DEPRECATED_OBJC_IMPLEMENTATIONS = YES;
				CLANG_WARN_DIRECT_OBJC_ISA_USAGE = YES_ERROR;
				CLANG_WARN_DOCUMENTATION_COMMENTS = YES;
				CLANG_WARN_EMPTY_BODY = YES;
				CLANG_WARN_ENUM_CONVERSION = YES;
				CLANG_WARN_INFINITE_RECURSION = YES;
				CLANG_WARN_INT_CONVERSION = YES;
				CLANG_WARN_NON_LITERAL_NULL_CONVERSION = YES;
				CLANG_WARN_OBJC_IMPLICIT_RETAIN_SELF = YES;
				CLANG_WARN_OBJC_LITERAL_CONVERSION = YES;
				CLANG_WARN_OBJC_ROOT_CLASS = YES_ERROR;
				CLANG_WARN_RANGE_LOOP_ANALYSIS = YES;
				CLANG_WARN_STRICT_PROTOTYPES = YES;
				CLANG_WARN_SUSPICIOUS_MOVE = YES;
				CLANG_WARN_UNGUARDED_AVAILABILITY = YES_AGGRESSIVE;
				CLANG_WARN_UNREACHABLE_CODE = YES;
				CLANG_WARN__DUPLICATE_METHOD_MATCH = YES;
				COPY_PHASE_STRIP = NO;
				DEBUG_INFORMATION_FORMAT = "dwarf-with-dsym";
				ENABLE_NS_ASSERTIONS = NO;
				ENABLE_STRICT_OBJC_MSGSEND = YES;
				GCC_C_LANGUAGE_STANDARD = gnu11;
				GCC_NO_COMMON_BLOCKS = YES;
				GCC_WARN_64_TO_32_BIT_CONVERSION = YES;
				GCC_WARN_ABOUT_RETURN_TYPE = YES_ERROR;
				GCC_WARN_UNDECLARED_SELECTOR = YES;
				GCC_WARN_UNINITIALIZED_AUTOS = YES_AGGRESSIVE;
				GCC_WARN_UNUSED_FUNCTION = YES;
				GCC_WARN_UNUSED_VARIABLE = YES;
				IPHONEOS_DEPLOYMENT_TARGET = 13.4;
				MTL_ENABLE_DEBUG_INFO = NO;
				MTL_FAST_MATH = YES;
				SDKROOT = iphoneos;
				SWIFT_COMPILATION_MODE = wholemodule;
				SWIFT_OPTIMIZATION_LEVEL = "-O";
				VALIDATE_PRODUCT = YES;
			};
			name = Release;
		};
		8928728D24B9AC7400799950 /* Debug */ = {
			isa = XCBuildConfiguration;
			buildSettings = {
				ASSETCATALOG_COMPILER_APPICON_NAME = AppIcon;
				CODE_SIGN_STYLE = Automatic;
				DEVELOPMENT_ASSET_PATHS = "\"SwiftUIPractice/Preview Content\"";
				ENABLE_PREVIEWS = YES;
				INFOPLIST_FILE = SwiftUIPractice/Info.plist;
				LD_RUNPATH_SEARCH_PATHS = (
					"$(inherited)",
					"@executable_path/Frameworks",
				);
				PRODUCT_BUNDLE_IDENTIFIER = com.kb.SwiftUIPractice;
				PRODUCT_NAME = "$(TARGET_NAME)";
				SWIFT_VERSION = 5.0;
				TARGETED_DEVICE_FAMILY = "1,2";
			};
			name = Debug;
		};
		8928728E24B9AC7400799950 /* Release */ = {
			isa = XCBuildConfiguration;
			buildSettings = {
				ASSETCATALOG_COMPILER_APPICON_NAME = AppIcon;
				CODE_SIGN_STYLE = Automatic;
				DEVELOPMENT_ASSET_PATHS = "\"SwiftUIPractice/Preview Content\"";
				ENABLE_PREVIEWS = YES;
				INFOPLIST_FILE = SwiftUIPractice/Info.plist;
				LD_RUNPATH_SEARCH_PATHS = (
					"$(inherited)",
					"@executable_path/Frameworks",
				);
				PRODUCT_BUNDLE_IDENTIFIER = com.kb.SwiftUIPractice;
				PRODUCT_NAME = "$(TARGET_NAME)";
				SWIFT_VERSION = 5.0;
				TARGETED_DEVICE_FAMILY = "1,2";
			};
			name = Release;
		};
/* End XCBuildConfiguration section */

/* Begin XCConfigurationList section */
		8928727324B9AC7300799950 /* Build configuration list for PBXProject "SwiftUIPractice" */ = {
			isa = XCConfigurationList;
			buildConfigurations = (
				8928728A24B9AC7400799950 /* Debug */,
				8928728B24B9AC7400799950 /* Release */,
			);
			defaultConfigurationIsVisible = 0;
			defaultConfigurationName = Release;
		};
		8928728C24B9AC7400799950 /* Build configuration list for PBXNativeTarget "SwiftUIPractice" */ = {
			isa = XCConfigurationList;
			buildConfigurations = (
				8928728D24B9AC7400799950 /* Debug */,
				8928728E24B9AC7400799950 /* Release */,
			);
			defaultConfigurationIsVisible = 0;
			defaultConfigurationName = Release;
		};
/* End XCConfigurationList section */

/* Begin XCRemoteSwiftPackageReference section */
		89EF318724FD1B4B00764AD9 /* XCRemoteSwiftPackageReference "SDWebImage" */ = {
			isa = XCRemoteSwiftPackageReference;
			repositoryURL = "https://github.com/SDWebImage/SDWebImage";
			requirement = {
				kind = upToNextMajorVersion;
				minimumVersion = 5.9.0;
			};
		};
		89EF318A24FD1BA000764AD9 /* XCRemoteSwiftPackageReference "SDWebImageSwiftUI" */ = {
			isa = XCRemoteSwiftPackageReference;
			repositoryURL = "https://github.com/SDWebImage/SDWebImageSwiftUI";
			requirement = {
				kind = upToNextMajorVersion;
				minimumVersion = 1.5.0;
			};
		};
/* End XCRemoteSwiftPackageReference section */

/* Begin XCSwiftPackageProductDependency section */
		89EF318824FD1B4B00764AD9 /* SDWebImage */ = {
			isa = XCSwiftPackageProductDependency;
			package = 89EF318724FD1B4B00764AD9 /* XCRemoteSwiftPackageReference "SDWebImage" */;
			productName = SDWebImage;
		};
		89EF318B24FD1BA000764AD9 /* SDWebImageSwiftUI */ = {
			isa = XCSwiftPackageProductDependency;
			package = 89EF318A24FD1BA000764AD9 /* XCRemoteSwiftPackageReference "SDWebImageSwiftUI" */;
			productName = SDWebImageSwiftUI;
		};
/* End XCSwiftPackageProductDependency section */
	};
	rootObject = 8928727024B9AC7300799950 /* Project object */;
}
